
Microsoft Visual Studio Solution File, Format Version 12.00
# Visual Studio 15
VisualStudioVersion = 15.0.26730.16
MinimumVisualStudioVersion = 10.0.40219.1
Project("{9A19103F-16F7-4668-BE54-9A1E7A4F7556}") = "RNG", "NameGenerator\RNG.csproj", "{32806071-3DAF-4C90-96DD-2FD7A4393DB4}"
EndProject
Project("{E53339B2-1760-4266-BCC7-CA923CBCF16C}") = "docker-compose", "docker-compose.dcproj", "{8AA1E0EB-1511-4922-A6B5-07A5A79B141F}"
EndProject
Global
	GlobalSection(SolutionConfigurationPlatforms) = preSolution
		Debug|Any CPU = Debug|Any CPU
		Release|Any CPU = Release|Any CPU
	EndGlobalSection
	GlobalSection(ProjectConfigurationPlatforms) = postSolution
		{32806071-3DAF-4C90-96DD-2FD7A4393DB4}.Debug|Any CPU.ActiveCfg = Debug|Any CPU
		{32806071-3DAF-4C90-96DD-2FD7A4393DB4}.Debug|Any CPU.Build.0 = Debug|Any CPU
		{32806071-3DAF-4C90-96DD-2FD7A4393DB4}.Release|Any CPU.ActiveCfg = Release|Any CPU
		{32806071-3DAF-4C90-96DD-2FD7A4393DB4}.Release|Any CPU.Build.0 = Release|Any CPU
		{8AA1E0EB-1511-4922-A6B5-07A5A79B141F}.Debug|Any CPU.ActiveCfg = Debug|Any CPU
		{8AA1E0EB-1511-4922-A6B5-07A5A79B141F}.Debug|Any CPU.Build.0 = Debug|Any CPU
		{8AA1E0EB-1511-4922-A6B5-07A5A79B141F}.Release|Any CPU.ActiveCfg = Release|Any CPU
		{8AA1E0EB-1511-4922-A6B5-07A5A79B141F}.Release|Any CPU.Build.0 = Release|Any CPU
	EndGlobalSection
	GlobalSection(SolutionProperties) = preSolution
		HideSolutionNode = FALSE
	EndGlobalSection
	GlobalSection(ExtensibilityGlobals) = postSolution
		SolutionGuid = {AEE20DDA-4FF0-48CC-A283-E07C6AA45AFC}
	EndGlobalSection
EndGlobal
